// !$*UTF8*$!
{
	archiveVersion = 1;
	classes = {
	};
	objectVersion = 46;
	objects = {

/* Begin PBXBuildFile section */
		04069D2E1BCA230400142333 /* main.m in Sources */ = {isa = PBXBuildFile; fileRef = 04069D2D1BCA230400142333 /* main.m */; };
		04069D311BCA230400142333 /* AppDelegate.m in Sources */ = {isa = PBXBuildFile; fileRef = 04069D301BCA230400142333 /* AppDelegate.m */; };
		04069D341BCA230400142333 /* ViewController.m in Sources */ = {isa = PBXBuildFile; fileRef = 04069D331BCA230400142333 /* ViewController.m */; };
		04069D371BCA230400142333 /* Main.storyboard in Resources */ = {isa = PBXBuildFile; fileRef = 04069D351BCA230400142333 /* Main.storyboard */; };
		04069D391BCA230400142333 /* Assets.xcassets in Resources */ = {isa = PBXBuildFile; fileRef = 04069D381BCA230400142333 /* Assets.xcassets */; };
		04069D3C1BCA230400142333 /* LaunchScreen.storyboard in Resources */ = {isa = PBXBuildFile; fileRef = 04069D3A1BCA230400142333 /* LaunchScreen.storyboard */; };
		04069D471BCA230400142333 /* HMHeBuyTests.m in Sources */ = {isa = PBXBuildFile; fileRef = 04069D461BCA230400142333 /* HMHeBuyTests.m */; };
		04069D521BCA230400142333 /* HMHeBuyUITests.m in Sources */ = {isa = PBXBuildFile; fileRef = 04069D511BCA230400142333 /* HMHeBuyUITests.m */; };
/* End PBXBuildFile section */

/* Begin PBXContainerItemProxy section */
		04069D431BCA230400142333 /* PBXContainerItemProxy */ = {
			isa = PBXContainerItemProxy;
			containerPortal = 04069D211BCA230400142333 /* Project object */;
			proxyType = 1;
			remoteGlobalIDString = 04069D281BCA230400142333;
			remoteInfo = HMHeBuy;
		};
		04069D4E1BCA230400142333 /* PBXContainerItemProxy */ = {
			isa = PBXContainerItemProxy;
			containerPortal = 04069D211BCA230400142333 /* Project object */;
			proxyType = 1;
			remoteGlobalIDString = 04069D281BCA230400142333;
			remoteInfo = HMHeBuy;
		};
/* End PBXContainerItemProxy section */

/* Begin PBXFileReference section */
		04069D291BCA230400142333 /* HMHeBuy.app */ = {isa = PBXFileReference; explicitFileType = wrapper.application; includeInIndex = 0; path = HMHeBuy.app; sourceTree = BUILT_PRODUCTS_DIR; };
		04069D2D1BCA230400142333 /* main.m */ = {isa = PBXFileReference; lastKnownFileType = sourcecode.c.objc; path = main.m; sourceTree = "<group>"; };
		04069D2F1BCA230400142333 /* AppDelegate.h */ = {isa = PBXFileReference; lastKnownFileType = sourcecode.c.h; path = AppDelegate.h; sourceTree = "<group>"; };
		04069D301BCA230400142333 /* AppDelegate.m */ = {isa = PBXFileReference; lastKnownFileType = sourcecode.c.objc; path = AppDelegate.m; sourceTree = "<group>"; };
		04069D321BCA230400142333 /* ViewController.h */ = {isa = PBXFileReference; lastKnownFileType = sourcecode.c.h; path = ViewController.h; sourceTree = "<group>"; };
		04069D331BCA230400142333 /* ViewController.m */ = {isa = PBXFileReference; lastKnownFileType = sourcecode.c.objc; path = ViewController.m; sourceTree = "<group>"; };
		04069D361BCA230400142333 /* Base */ = {isa = PBXFileReference; lastKnownFileType = file.storyboard; name = Base; path = Base.lproj/Main.storyboard; sourceTree = "<group>"; };
		04069D381BCA230400142333 /* Assets.xcassets */ = {isa = PBXFileReference; lastKnownFileType = folder.assetcatalog; path = Assets.xcassets; sourceTree = "<group>"; };
		04069D3B1BCA230400142333 /* Base */ = {isa = PBXFileReference; lastKnownFileType = file.storyboard; name = Base; path = Base.lproj/LaunchScreen.storyboard; sourceTree = "<group>"; };
		04069D3D1BCA230400142333 /* Info.plist */ = {isa = PBXFileReference; lastKnownFileType = text.plist.xml; path = Info.plist; sourceTree = "<group>"; };
		04069D421BCA230400142333 /* HMHeBuyTests.xctest */ = {isa = PBXFileReference; explicitFileType = wrapper.cfbundle; includeInIndex = 0; path = HMHeBuyTests.xctest; sourceTree = BUILT_PRODUCTS_DIR; };
		04069D461BCA230400142333 /* HMHeBuyTests.m */ = {isa = PBXFileReference; lastKnownFileType = sourcecode.c.objc; path = HMHeBuyTests.m; sourceTree = "<group>"; };
		04069D481BCA230400142333 /* Info.plist */ = {isa = PBXFileReference; lastKnownFileType = text.plist.xml; path = Info.plist; sourceTree = "<group>"; };
		04069D4D1BCA230400142333 /* HMHeBuyUITests.xctest */ = {isa = PBXFileReference; explicitFileType = wrapper.cfbundle; includeInIndex = 0; path = HMHeBuyUITests.xctest; sourceTree = BUILT_PRODUCTS_DIR; };
		04069D511BCA230400142333 /* HMHeBuyUITests.m */ = {isa = PBXFileReference; lastKnownFileType = sourcecode.c.objc; path = HMHeBuyUITests.m; sourceTree = "<group>"; };
		04069D531BCA230400142333 /* Info.plist */ = {isa = PBXFileReference; lastKnownFileType = text.plist.xml; path = Info.plist; sourceTree = "<group>"; };
/* End PBXFileReference section */

/* Begin PBXFrameworksBuildPhase section */
		04069D261BCA230400142333 /* Frameworks */ = {
			isa = PBXFrameworksBuildPhase;
			buildActionMask = 2147483647;
			files = (
			);
			runOnlyForDeploymentPostprocessing = 0;
		};
		04069D3F1BCA230400142333 /* Frameworks */ = {
			isa = PBXFrameworksBuildPhase;
			buildActionMask = 2147483647;
			files = (
			);
			runOnlyForDeploymentPostprocessing = 0;
		};
		04069D4A1BCA230400142333 /* Frameworks */ = {
			isa = PBXFrameworksBuildPhase;
			buildActionMask = 2147483647;
			files = (
			);
			runOnlyForDeploymentPostprocessing = 0;
		};
/* End PBXFrameworksBuildPhase section */

/* Begin PBXGroup section */
		04069D201BCA230400142333 = {
			isa = PBXGroup;
			children = (
				04069D2B1BCA230400142333 /* HMHeBuy */,
				04069D451BCA230400142333 /* HMHeBuyTests */,
				04069D501BCA230400142333 /* HMHeBuyUITests */,
				04069D2A1BCA230400142333 /* Products */,
			);
			sourceTree = "<group>";
		};
		04069D2A1BCA230400142333 /* Products */ = {
			isa = PBXGroup;
			children = (
				04069D291BCA230400142333 /* HMHeBuy.app */,
				04069D421BCA230400142333 /* HMHeBuyTests.xctest */,
				04069D4D1BCA230400142333 /* HMHeBuyUITests.xctest */,
			);
			name = Products;
			sourceTree = "<group>";
		};
		04069D2B1BCA230400142333 /* HMHeBuy */ = {
			isa = PBXGroup;
			children = (
				04069D2F1BCA230400142333 /* AppDelegate.h */,
				04069D301BCA230400142333 /* AppDelegate.m */,
				04069D321BCA230400142333 /* ViewController.h */,
				04069D331BCA230400142333 /* ViewController.m */,
				04069D351BCA230400142333 /* Main.storyboard */,
				04069D381BCA230400142333 /* Assets.xcassets */,
				04069D3A1BCA230400142333 /* LaunchScreen.storyboard */,
				04069D3D1BCA230400142333 /* Info.plist */,
				04069D2C1BCA230400142333 /* Supporting Files */,
			);
			path = HMHeBuy;
			sourceTree = "<group>";
		};
		04069D2C1BCA230400142333 /* Supporting Files */ = {
			isa = PBXGroup;
			children = (
				04069D2D1BCA230400142333 /* main.m */,
			);
			name = "Supporting Files";
			sourceTree = "<group>";
		};
		04069D451BCA230400142333 /* HMHeBuyTests */ = {
			isa = PBXGroup;
			children = (
				04069D461BCA230400142333 /* HMHeBuyTests.m */,
				04069D481BCA230400142333 /* Info.plist */,
			);
			path = HMHeBuyTests;
			sourceTree = "<group>";
		};
		04069D501BCA230400142333 /* HMHeBuyUITests */ = {
			isa = PBXGroup;
			children = (
				04069D511BCA230400142333 /* HMHeBuyUITests.m */,
				04069D531BCA230400142333 /* Info.plist */,
			);
			path = HMHeBuyUITests;
			sourceTree = "<group>";
		};
/* End PBXGroup section */

/* Begin PBXNativeTarget section */
		04069D281BCA230400142333 /* HMHeBuy */ = {
			isa = PBXNativeTarget;
			buildConfigurationList = 04069D561BCA230400142333 /* Build configuration list for PBXNativeTarget "HMHeBuy" */;
			buildPhases = (
				04069D251BCA230400142333 /* Sources */,
				04069D261BCA230400142333 /* Frameworks */,
				04069D271BCA230400142333 /* Resources */,
			);
			buildRules = (
			);
			dependencies = (
			);
			name = HMHeBuy;
			productName = HMHeBuy;
			productReference = 04069D291BCA230400142333 /* HMHeBuy.app */;
			productType = "com.apple.product-type.application";
		};
		04069D411BCA230400142333 /* HMHeBuyTests */ = {
			isa = PBXNativeTarget;
			buildConfigurationList = 04069D591BCA230400142333 /* Build configuration list for PBXNativeTarget "HMHeBuyTests" */;
			buildPhases = (
				04069D3E1BCA230400142333 /* Sources */,
				04069D3F1BCA230400142333 /* Frameworks */,
				04069D401BCA230400142333 /* Resources */,
			);
			buildRules = (
			);
			dependencies = (
				04069D441BCA230400142333 /* PBXTargetDependency */,
			);
			name = HMHeBuyTests;
			productName = HMHeBuyTests;
			productReference = 04069D421BCA230400142333 /* HMHeBuyTests.xctest */;
			productType = "com.apple.product-type.bundle.unit-test";
		};
		04069D4C1BCA230400142333 /* HMHeBuyUITests */ = {
			isa = PBXNativeTarget;
			buildConfigurationList = 04069D5C1BCA230400142333 /* Build configuration list for PBXNativeTarget "HMHeBuyUITests" */;
			buildPhases = (
				04069D491BCA230400142333 /* Sources */,
				04069D4A1BCA230400142333 /* Frameworks */,
				04069D4B1BCA230400142333 /* Resources */,
			);
			buildRules = (
			);
			dependencies = (
				04069D4F1BCA230400142333 /* PBXTargetDependency */,
			);
			name = HMHeBuyUITests;
			productName = HMHeBuyUITests;
			productReference = 04069D4D1BCA230400142333 /* HMHeBuyUITests.xctest */;
			productType = "com.apple.product-type.bundle.ui-testing";
		};
/* End PBXNativeTarget section */

/* Begin PBXProject section */
		04069D211BCA230400142333 /* Project object */ = {
			isa = PBXProject;
			attributes = {
				LastUpgradeCheck = 0700;
				ORGANIZATIONNAME = "胡孟虎";
				TargetAttributes = {
					04069D281BCA230400142333 = {
						CreatedOnToolsVersion = 7.0;
					};
					04069D411BCA230400142333 = {
						CreatedOnToolsVersion = 7.0;
						TestTargetID = 04069D281BCA230400142333;
					};
					04069D4C1BCA230400142333 = {
						CreatedOnToolsVersion = 7.0;
						TestTargetID = 04069D281BCA230400142333;
					};
				};
			};
			buildConfigurationList = 04069D241BCA230400142333 /* Build configuration list for PBXProject "HMHeBuy" */;
			compatibilityVersion = "Xcode 3.2";
			developmentRegion = English;
			hasScannedForEncodings = 0;
			knownRegions = (
				en,
				Base,
			);
			mainGroup = 04069D201BCA230400142333;
			productRefGroup = 04069D2A1BCA230400142333 /* Products */;
			projectDirPath = "";
			projectRoot = "";
			targets = (
				04069D281BCA230400142333 /* HMHeBuy */,
				04069D411BCA230400142333 /* HMHeBuyTests */,
				04069D4C1BCA230400142333 /* HMHeBuyUITests */,
			);
		};
/* End PBXProject section */

/* Begin PBXResourcesBuildPhase section */
		04069D271BCA230400142333 /* Resources */ = {
			isa = PBXResourcesBuildPhase;
			buildActionMask = 2147483647;
			files = (
				04069D3C1BCA230400142333 /* LaunchScreen.storyboard in Resources */,
				04069D391BCA230400142333 /* Assets.xcassets in Resources */,
				04069D371BCA230400142333 /* Main.storyboard in Resources */,
			);
			runOnlyForDeploymentPostprocessing = 0;
		};
		04069D401BCA230400142333 /* Resources */ = {
			isa = PBXResourcesBuildPhase;
			buildActionMask = 2147483647;
			files = (
			);
			runOnlyForDeploymentPostprocessing = 0;
		};
		04069D4B1BCA230400142333 /* Resources */ = {
			isa = PBXResourcesBuildPhase;
			buildActionMask = 2147483647;
			files = (
			);
			runOnlyForDeploymentPostprocessing = 0;
		};
/* End PBXResourcesBuildPhase section */

/* Begin PBXSourcesBuildPhase section */
		04069D251BCA230400142333 /* Sources */ = {
			isa = PBXSourcesBuildPhase;
			buildActionMask = 2147483647;
			files = (
				04069D341BCA230400142333 /* ViewController.m in Sources */,
				04069D311BCA230400142333 /* AppDelegate.m in Sources */,
				04069D2E1BCA230400142333 /* main.m in Sources */,
			);
			runOnlyForDeploymentPostprocessing = 0;
		};
		04069D3E1BCA230400142333 /* Sources */ = {
			isa = PBXSourcesBuildPhase;
			buildActionMask = 2147483647;
			files = (
				04069D471BCA230400142333 /* HMHeBuyTests.m in Sources */,
			);
			runOnlyForDeploymentPostprocessing = 0;
		};
		04069D491BCA230400142333 /* Sources */ = {
			isa = PBXSourcesBuildPhase;
			buildActionMask = 2147483647;
			files = (
				04069D521BCA230400142333 /* HMHeBuyUITests.m in Sources */,
			);
			runOnlyForDeploymentPostprocessing = 0;
		};
/* End PBXSourcesBuildPhase section */

/* Begin PBXTargetDependency section */
		04069D441BCA230400142333 /* PBXTargetDependency */ = {
			isa = PBXTargetDependency;
			target = 04069D281BCA230400142333 /* HMHeBuy */;
			targetProxy = 04069D431BCA230400142333 /* PBXContainerItemProxy */;
		};
		04069D4F1BCA230400142333 /* PBXTargetDependency */ = {
			isa = PBXTargetDependency;
			target = 04069D281BCA230400142333 /* HMHeBuy */;
			targetProxy = 04069D4E1BCA230400142333 /* PBXContainerItemProxy */;
		};
/* End PBXTargetDependency section */

/* Begin PBXVariantGroup section */
		04069D351BCA230400142333 /* Main.storyboard */ = {
			isa = PBXVariantGroup;
			children = (
				04069D361BCA230400142333 /* Base */,
			);
			name = Main.storyboard;
			sourceTree = "<group>";
		};
		04069D3A1BCA230400142333 /* LaunchScreen.storyboard */ = {
			isa = PBXVariantGroup;
			children = (
				04069D3B1BCA230400142333 /* Base */,
			);
			name = LaunchScreen.storyboard;
			sourceTree = "<group>";
		};
/* End PBXVariantGroup section */

/* Begin XCBuildConfiguration section */
		04069D541BCA230400142333 /* Debug */ = {
			isa = XCBuildConfiguration;
			buildSettings = {
				ALWAYS_SEARCH_USER_PATHS = NO;
				CLANG_CXX_LANGUAGE_STANDARD = "gnu++0x";
				CLANG_CXX_LIBRARY = "libc++";
				CLANG_ENABLE_MODULES = YES;
				CLANG_ENABLE_OBJC_ARC = YES;
				CLANG_WARN_BOOL_CONVERSION = YES;
				CLANG_WARN_CONSTANT_CONVERSION = YES;
				CLANG_WARN_DIRECT_OBJC_ISA_USAGE = YES_ERROR;
				CLANG_WARN_EMPTY_BODY = YES;
				CLANG_WARN_ENUM_CONVERSION = YES;
				CLANG_WARN_INT_CONVERSION = YES;
				CLANG_WARN_OBJC_ROOT_CLASS = YES_ERROR;
				CLANG_WARN_UNREACHABLE_CODE = YES;
				CLANG_WARN__DUPLICATE_METHOD_MATCH = YES;
				"CODE_SIGN_IDENTITY[sdk=iphoneos*]" = "iPhone Developer";
				COPY_PHASE_STRIP = NO;
				DEBUG_INFORMATION_FORMAT = dwarf;
				ENABLE_STRICT_OBJC_MSGSEND = YES;
				ENABLE_TESTABILITY = YES;
				GCC_C_LANGUAGE_STANDARD = gnu99;
				GCC_DYNAMIC_NO_PIC = NO;
				GCC_NO_COMMON_BLOCKS = YES;
				GCC_OPTIMIZATION_LEVEL = 0;
				GCC_PREPROCESSOR_DEFINITIONS = (
					"DEBUG=1",
					"$(inherited)",
				);
				GCC_WARN_64_TO_32_BIT_CONVERSION = YES;
				GCC_WARN_ABOUT_RETURN_TYPE = YES_ERROR;
				GCC_WARN_UNDECLARED_SELECTOR = YES;
				GCC_WARN_UNINITIALIZED_AUTOS = YES_AGGRESSIVE;
				GCC_WARN_UNUSED_FUNCTION = YES;
				GCC_WARN_UNUSED_VARIABLE = YES;
				IPHONEOS_DEPLOYMENT_TARGET = 9.0;
				MTL_ENABLE_DEBUG_INFO = YES;
				ONLY_ACTIVE_ARCH = YES;
				SDKROOT = iphoneos;
				TARGETED_DEVICE_FAMILY = "1,2";
			};
			name = Debug;
		};
		04069D551BCA230400142333 /* Release */ = {
			isa = XCBuildConfiguration;
			buildSettings = {
				ALWAYS_SEARCH_USER_PATHS = NO;
				CLANG_CXX_LANGUAGE_STANDARD = "gnu++0x";
				CLANG_CXX_LIBRARY = "libc++";
				CLANG_ENABLE_MODULES = YES;
				CLANG_ENABLE_OBJC_ARC = YES;
				CLANG_WARN_BOOL_CONVERSION = YES;
				CLANG_WARN_CONSTANT_CONVERSION = YES;
				CLANG_WARN_DIRECT_OBJC_ISA_USAGE = YES_ERROR;
				CLANG_WARN_EMPTY_BODY = YES;
				CLANG_WARN_ENUM_CONVERSION = YES;
				CLANG_WARN_INT_CONVERSION = YES;
				CLANG_WARN_OBJC_ROOT_CLASS = YES_ERROR;
				CLANG_WARN_UNREACHABLE_CODE = YES;
				CLANG_WARN__DUPLICATE_METHOD_MATCH = YES;
				"CODE_SIGN_IDENTITY[sdk=iphoneos*]" = "iPhone Developer";
				COPY_PHASE_STRIP = NO;
				DEBUG_INFORMATION_FORMAT = "dwarf-with-dsym";
				ENABLE_NS_ASSERTIONS = NO;
				ENABLE_STRICT_OBJC_MSGSEND = YES;
				GCC_C_LANGUAGE_STANDARD = gnu99;
				GCC_NO_COMMON_BLOCKS = YES;
				GCC_WARN_64_TO_32_BIT_CONVERSION = YES;
				GCC_WARN_ABOUT_RETURN_TYPE = YES_ERROR;
				GCC_WARN_UNDECLARED_SELECTOR = YES;
				GCC_WARN_UNINITIALIZED_AUTOS = YES_AGGRESSIVE;
				GCC_WARN_UNUSED_FUNCTION = YES;
				GCC_WARN_UNUSED_VARIABLE = YES;
				IPHONEOS_DEPLOYMENT_TARGET = 9.0;
				MTL_ENABLE_DEBUG_INFO = NO;
				SDKROOT = iphoneos;
				TARGETED_DEVICE_FAMILY = "1,2";
				VALIDATE_PRODUCT = YES;
			};
			name = Release;
		};
		04069D571BCA230400142333 /* Debug */ = {
			isa = XCBuildConfiguration;
			buildSettings = {
				ASSETCATALOG_COMPILER_APPICON_NAME = AppIcon;
				INFOPLIST_FILE = HMHeBuy/Info.plist;
				LD_RUNPATH_SEARCH_PATHS = "$(inherited) @executable_path/Frameworks";
				PRODUCT_BUNDLE_IDENTIFIER = com.hmh.HMHeBuy;
				PRODUCT_NAME = "$(TARGET_NAME)";
			};
			name = Debug;
		};
		04069D581BCA230400142333 /* Release */ = {
			isa = XCBuildConfiguration;
			buildSettings = {
				ASSETCATALOG_COMPILER_APPICON_NAME = AppIcon;
				INFOPLIST_FILE = HMHeBuy/Info.plist;
				LD_RUNPATH_SEARCH_PATHS = "$(inherited) @executable_path/Frameworks";
				PRODUCT_BUNDLE_IDENTIFIER = com.hmh.HMHeBuy;
				PRODUCT_NAME = "$(TARGET_NAME)";
			};
			name = Release;
		};
		04069D5A1BCA230400142333 /* Debug */ = {
			isa = XCBuildConfiguration;
			buildSettings = {
				BUNDLE_LOADER = "$(TEST_HOST)";
				INFOPLIST_FILE = HMHeBuyTests/Info.plist;
				LD_RUNPATH_SEARCH_PATHS = "$(inherited) @executable_path/Frameworks @loader_path/Frameworks";
				PRODUCT_BUNDLE_IDENTIFIER = com.hmh.HMHeBuyTests;
				PRODUCT_NAME = "$(TARGET_NAME)";
				TEST_HOST = "$(BUILT_PRODUCTS_DIR)/HMHeBuy.app/HMHeBuy";
			};
			name = Debug;
		};
		04069D5B1BCA230400142333 /* Release */ = {
			isa = XCBuildConfiguration;
			buildSettings = {
				BUNDLE_LOADER = "$(TEST_HOST)";
				INFOPLIST_FILE = HMHeBuyTests/Info.plist;
				LD_RUNPATH_SEARCH_PATHS = "$(inherited) @executable_path/Frameworks @loader_path/Frameworks";
				PRODUCT_BUNDLE_IDENTIFIER = com.hmh.HMHeBuyTests;
				PRODUCT_NAME = "$(TARGET_NAME)";
				TEST_HOST = "$(BUILT_PRODUCTS_DIR)/HMHeBuy.app/HMHeBuy";
			};
			name = Release;
		};
		04069D5D1BCA230400142333 /* Debug */ = {
			isa = XCBuildConfiguration;
			buildSettings = {
				INFOPLIST_FILE = HMHeBuyUITests/Info.plist;
				LD_RUNPATH_SEARCH_PATHS = "$(inherited) @executable_path/Frameworks @loader_path/Frameworks";
				PRODUCT_BUNDLE_IDENTIFIER = com.hmh.HMHeBuyUITests;
				PRODUCT_NAME = "$(TARGET_NAME)";
				TEST_TARGET_NAME = HMHeBuy;
				USES_XCTRUNNER = YES;
			};
			name = Debug;
		};
		04069D5E1BCA230400142333 /* Release */ = {
			isa = XCBuildConfiguration;
			buildSettings = {
				INFOPLIST_FILE = HMHeBuyUITests/Info.plist;
				LD_RUNPATH_SEARCH_PATHS = "$(inherited) @executable_path/Frameworks @loader_path/Frameworks";
				PRODUCT_BUNDLE_IDENTIFIER = com.hmh.HMHeBuyUITests;
				PRODUCT_NAME = "$(TARGET_NAME)";
				TEST_TARGET_NAME = HMHeBuy;
				USES_XCTRUNNER = YES;
			};
			name = Release;
		};
/* End XCBuildConfiguration section */

/* Begin XCConfigurationList section */
		04069D241BCA230400142333 /* Build configuration list for PBXProject "HMHeBuy" */ = {
			isa = XCConfigurationList;
			buildConfigurations = (
				04069D541BCA230400142333 /* Debug */,
				04069D551BCA230400142333 /* Release */,
			);
			defaultConfigurationIsVisible = 0;
			defaultConfigurationName = Release;
		};
		04069D561BCA230400142333 /* Build configuration list for PBXNativeTarget "HMHeBuy" */ = {
			isa = XCConfigurationList;
			buildConfigurations = (
				04069D571BCA230400142333 /* Debug */,
				04069D581BCA230400142333 /* Release */,
			);
			defaultConfigurationIsVisible = 0;
		};
		04069D591BCA230400142333 /* Build configuration list for PBXNativeTarget "HMHeBuyTests" */ = {
			isa = XCConfigurationList;
			buildConfigurations = (
				04069D5A1BCA230400142333 /* Debug */,
				04069D5B1BCA230400142333 /* Release */,
			);
			defaultConfigurationIsVisible = 0;
		};
		04069D5C1BCA230400142333 /* Build configuration list for PBXNativeTarget "HMHeBuyUITests" */ = {
			isa = XCConfigurationList;
			buildConfigurations = (
				04069D5D1BCA230400142333 /* Debug */,
				04069D5E1BCA230400142333 /* Release */,
			);
			defaultConfigurationIsVisible = 0;
		};
/* End XCConfigurationList section */
	};
	rootObject = 04069D211BCA230400142333 /* Project object */;
}
